// !$*UTF8*$!
{
	archiveVersion = 1;
	classes = {
	};
	objectVersion = 46;
	objects = {

/* Begin PBXBuildFile section */
		FDF5CC951D98252A002412E4 /* AppDelegate.swift in Sources */ = {isa = PBXBuildFile; fileRef = FDF5CC941D98252A002412E4 /* AppDelegate.swift */; };
		FDF5CC971D98252A002412E4 /* ViewController.swift in Sources */ = {isa = PBXBuildFile; fileRef = FDF5CC961D98252A002412E4 /* ViewController.swift */; };
		FDF5CC9A1D98252A002412E4 /* Main.storyboard in Resources */ = {isa = PBXBuildFile; fileRef = FDF5CC981D98252A002412E4 /* Main.storyboard */; };
		FDF5CC9C1D98252A002412E4 /* Assets.xcassets in Resources */ = {isa = PBXBuildFile; fileRef = FDF5CC9B1D98252A002412E4 /* Assets.xcassets */; };
		FDF5CC9F1D98252A002412E4 /* LaunchScreen.storyboard in Resources */ = {isa = PBXBuildFile; fileRef = FDF5CC9D1D98252A002412E4 /* LaunchScreen.storyboard */; };
		FDF5CCAA1D98252A002412E4 /* SuperCoolTests.swift in Sources */ = {isa = PBXBuildFile; fileRef = FDF5CCA91D98252A002412E4 /* SuperCoolTests.swift */; };
		FDF5CCB51D98252A002412E4 /* SuperCoolUITests.swift in Sources */ = {isa = PBXBuildFile; fileRef = FDF5CCB41D98252A002412E4 /* SuperCoolUITests.swift */; };
/* End PBXBuildFile section */

/* Begin PBXContainerItemProxy section */
		FDF5CCA61D98252A002412E4 /* PBXContainerItemProxy */ = {
			isa = PBXContainerItemProxy;
			containerPortal = FDF5CC891D98252A002412E4 /* Project object */;
			proxyType = 1;
			remoteGlobalIDString = FDF5CC901D98252A002412E4;
			remoteInfo = SuperCool;
		};
		FDF5CCB11D98252A002412E4 /* PBXContainerItemProxy */ = {
			isa = PBXContainerItemProxy;
			containerPortal = FDF5CC891D98252A002412E4 /* Project object */;
			proxyType = 1;
			remoteGlobalIDString = FDF5CC901D98252A002412E4;
			remoteInfo = SuperCool;
		};
/* End PBXContainerItemProxy section */

/* Begin PBXFileReference section */
		FDF5CC911D98252A002412E4 /* SuperCool.app */ = {isa = PBXFileReference; explicitFileType = wrapper.application; includeInIndex = 0; path = SuperCool.app; sourceTree = BUILT_PRODUCTS_DIR; };
		FDF5CC941D98252A002412E4 /* AppDelegate.swift */ = {isa = PBXFileReference; lastKnownFileType = sourcecode.swift; path = AppDelegate.swift; sourceTree = "<group>"; };
		FDF5CC961D98252A002412E4 /* ViewController.swift */ = {isa = PBXFileReference; lastKnownFileType = sourcecode.swift; path = ViewController.swift; sourceTree = "<group>"; };
		FDF5CC991D98252A002412E4 /* Base */ = {isa = PBXFileReference; lastKnownFileType = file.storyboard; name = Base; path = Base.lproj/Main.storyboard; sourceTree = "<group>"; };
		FDF5CC9B1D98252A002412E4 /* Assets.xcassets */ = {isa = PBXFileReference; lastKnownFileType = folder.assetcatalog; path = Assets.xcassets; sourceTree = "<group>"; };
		FDF5CC9E1D98252A002412E4 /* Base */ = {isa = PBXFileReference; lastKnownFileType = file.storyboard; name = Base; path = Base.lproj/LaunchScreen.storyboard; sourceTree = "<group>"; };
		FDF5CCA01D98252A002412E4 /* Info.plist */ = {isa = PBXFileReference; lastKnownFileType = text.plist.xml; path = Info.plist; sourceTree = "<group>"; };
		FDF5CCA51D98252A002412E4 /* SuperCoolTests.xctest */ = {isa = PBXFileReference; explicitFileType = wrapper.cfbundle; includeInIndex = 0; path = SuperCoolTests.xctest; sourceTree = BUILT_PRODUCTS_DIR; };
		FDF5CCA91D98252A002412E4 /* SuperCoolTests.swift */ = {isa = PBXFileReference; lastKnownFileType = sourcecode.swift; path = SuperCoolTests.swift; sourceTree = "<group>"; };
		FDF5CCAB1D98252A002412E4 /* Info.plist */ = {isa = PBXFileReference; lastKnownFileType = text.plist.xml; path = Info.plist; sourceTree = "<group>"; };
		FDF5CCB01D98252A002412E4 /* SuperCoolUITests.xctest */ = {isa = PBXFileReference; explicitFileType = wrapper.cfbundle; includeInIndex = 0; path = SuperCoolUITests.xctest; sourceTree = BUILT_PRODUCTS_DIR; };
		FDF5CCB41D98252A002412E4 /* SuperCoolUITests.swift */ = {isa = PBXFileReference; lastKnownFileType = sourcecode.swift; path = SuperCoolUITests.swift; sourceTree = "<group>"; };
		FDF5CCB61D98252A002412E4 /* Info.plist */ = {isa = PBXFileReference; lastKnownFileType = text.plist.xml; path = Info.plist; sourceTree = "<group>"; };
/* End PBXFileReference section */

/* Begin PBXFrameworksBuildPhase section */
		FDF5CC8E1D98252A002412E4 /* Frameworks */ = {
			isa = PBXFrameworksBuildPhase;
			buildActionMask = 2147483647;
			files = (
			);
			runOnlyForDeploymentPostprocessing = 0;
		};
		FDF5CCA21D98252A002412E4 /* Frameworks */ = {
			isa = PBXFrameworksBuildPhase;
			buildActionMask = 2147483647;
			files = (
			);
			runOnlyForDeploymentPostprocessing = 0;
		};
		FDF5CCAD1D98252A002412E4 /* Frameworks */ = {
			isa = PBXFrameworksBuildPhase;
			buildActionMask = 2147483647;
			files = (
			);
			runOnlyForDeploymentPostprocessing = 0;
		};
/* End PBXFrameworksBuildPhase section */

/* Begin PBXGroup section */
		FDF5CC881D98252A002412E4 = {
			isa = PBXGroup;
			children = (
				FDF5CC931D98252A002412E4 /* SuperCool */,
				FDF5CCA81D98252A002412E4 /* SuperCoolTests */,
				FDF5CCB31D98252A002412E4 /* SuperCoolUITests */,
				FDF5CC921D98252A002412E4 /* Products */,
			);
			sourceTree = "<group>";
		};
		FDF5CC921D98252A002412E4 /* Products */ = {
			isa = PBXGroup;
			children = (
				FDF5CC911D98252A002412E4 /* SuperCool.app */,
				FDF5CCA51D98252A002412E4 /* SuperCoolTests.xctest */,
				FDF5CCB01D98252A002412E4 /* SuperCoolUITests.xctest */,
			);
			name = Products;
			sourceTree = "<group>";
		};
		FDF5CC931D98252A002412E4 /* SuperCool */ = {
			isa = PBXGroup;
			children = (
				FDF5CC941D98252A002412E4 /* AppDelegate.swift */,
				FDF5CC961D98252A002412E4 /* ViewController.swift */,
				FDF5CC981D98252A002412E4 /* Main.storyboard */,
				FDF5CC9B1D98252A002412E4 /* Assets.xcassets */,
				FDF5CC9D1D98252A002412E4 /* LaunchScreen.storyboard */,
				FDF5CCA01D98252A002412E4 /* Info.plist */,
			);
			path = SuperCool;
			sourceTree = "<group>";
		};
		FDF5CCA81D98252A002412E4 /* SuperCoolTests */ = {
			isa = PBXGroup;
			children = (
				FDF5CCA91D98252A002412E4 /* SuperCoolTests.swift */,
				FDF5CCAB1D98252A002412E4 /* Info.plist */,
			);
			path = SuperCoolTests;
			sourceTree = "<group>";
		};
		FDF5CCB31D98252A002412E4 /* SuperCoolUITests */ = {
			isa = PBXGroup;
			children = (
				FDF5CCB41D98252A002412E4 /* SuperCoolUITests.swift */,
				FDF5CCB61D98252A002412E4 /* Info.plist */,
			);
			path = SuperCoolUITests;
			sourceTree = "<group>";
		};
/* End PBXGroup section */

/* Begin PBXNativeTarget section */
		FDF5CC901D98252A002412E4 /* SuperCool */ = {
			isa = PBXNativeTarget;
			buildConfigurationList = FDF5CCB91D98252A002412E4 /* Build configuration list for PBXNativeTarget "SuperCool" */;
			buildPhases = (
				FDF5CC8D1D98252A002412E4 /* Sources */,
				FDF5CC8E1D98252A002412E4 /* Frameworks */,
				FDF5CC8F1D98252A002412E4 /* Resources */,
			);
			buildRules = (
			);
			dependencies = (
			);
			name = SuperCool;
			productName = SuperCool;
			productReference = FDF5CC911D98252A002412E4 /* SuperCool.app */;
			productType = "com.apple.product-type.application";
		};
		FDF5CCA41D98252A002412E4 /* SuperCoolTests */ = {
			isa = PBXNativeTarget;
			buildConfigurationList = FDF5CCBC1D98252A002412E4 /* Build configuration list for PBXNativeTarget "SuperCoolTests" */;
			buildPhases = (
				FDF5CCA11D98252A002412E4 /* Sources */,
				FDF5CCA21D98252A002412E4 /* Frameworks */,
				FDF5CCA31D98252A002412E4 /* Resources */,
			);
			buildRules = (
			);
			dependencies = (
				FDF5CCA71D98252A002412E4 /* PBXTargetDependency */,
			);
			name = SuperCoolTests;
			productName = SuperCoolTests;
			productReference = FDF5CCA51D98252A002412E4 /* SuperCoolTests.xctest */;
			productType = "com.apple.product-type.bundle.unit-test";
		};
		FDF5CCAF1D98252A002412E4 /* SuperCoolUITests */ = {
			isa = PBXNativeTarget;
			buildConfigurationList = FDF5CCBF1D98252A002412E4 /* Build configuration list for PBXNativeTarget "SuperCoolUITests" */;
			buildPhases = (
				FDF5CCAC1D98252A002412E4 /* Sources */,
				FDF5CCAD1D98252A002412E4 /* Frameworks */,
				FDF5CCAE1D98252A002412E4 /* Resources */,
			);
			buildRules = (
			);
			dependencies = (
				FDF5CCB21D98252A002412E4 /* PBXTargetDependency */,
			);
			name = SuperCoolUITests;
			productName = SuperCoolUITests;
			productReference = FDF5CCB01D98252A002412E4 /* SuperCoolUITests.xctest */;
			productType = "com.apple.product-type.bundle.ui-testing";
		};
/* End PBXNativeTarget section */

/* Begin PBXProject section */
		FDF5CC891D98252A002412E4 /* Project object */ = {
			isa = PBXProject;
			attributes = {
				LastSwiftUpdateCheck = 0800;
				LastUpgradeCheck = 0800;
				ORGANIZATIONNAME = Zedro;
				TargetAttributes = {
					FDF5CC901D98252A002412E4 = {
						CreatedOnToolsVersion = 8.0;
						ProvisioningStyle = Automatic;
					};
					FDF5CCA41D98252A002412E4 = {
						CreatedOnToolsVersion = 8.0;
						ProvisioningStyle = Automatic;
						TestTargetID = FDF5CC901D98252A002412E4;
					};
					FDF5CCAF1D98252A002412E4 = {
						CreatedOnToolsVersion = 8.0;
						ProvisioningStyle = Automatic;
						TestTargetID = FDF5CC901D98252A002412E4;
					};
				};
			};
			buildConfigurationList = FDF5CC8C1D98252A002412E4 /* Build configuration list for PBXProject "SuperCool" */;
			compatibilityVersion = "Xcode 3.2";
			developmentRegion = English;
			hasScannedForEncodings = 0;
			knownRegions = (
				en,
				Base,
			);
			mainGroup = FDF5CC881D98252A002412E4;
			productRefGroup = FDF5CC921D98252A002412E4 /* Products */;
			projectDirPath = "";
			projectRoot = "";
			targets = (
				FDF5CC901D98252A002412E4 /* SuperCool */,
				FDF5CCA41D98252A002412E4 /* SuperCoolTests */,
				FDF5CCAF1D98252A002412E4 /* SuperCoolUITests */,
			);
		};
/* End PBXProject section */

/* Begin PBXResourcesBuildPhase section */
		FDF5CC8F1D98252A002412E4 /* Resources */ = {
			isa = PBXResourcesBuildPhase;
			buildActionMask = 2147483647;
			files = (
				FDF5CC9F1D98252A002412E4 /* LaunchScreen.storyboard in Resources */,
				FDF5CC9C1D98252A002412E4 /* Assets.xcassets in Resources */,
				FDF5CC9A1D98252A002412E4 /* Main.storyboard in Resources */,
			);
			runOnlyForDeploymentPostprocessing = 0;
		};
		FDF5CCA31D98252A002412E4 /* Resources */ = {
			isa = PBXResourcesBuildPhase;
			buildActionMask = 2147483647;
			files = (
			);
			runOnlyForDeploymentPostprocessing = 0;
		};
		FDF5CCAE1D98252A002412E4 /* Resources */ = {
			isa = PBXResourcesBuildPhase;
			buildActionMask = 2147483647;
			files = (
			);
			runOnlyForDeploymentPostprocessing = 0;
		};
/* End PBXResourcesBuildPhase section */

/* Begin PBXSourcesBuildPhase section */
		FDF5CC8D1D98252A002412E4 /* Sources */ = {
			isa = PBXSourcesBuildPhase;
			buildActionMask = 2147483647;
			files = (
				FDF5CC971D98252A002412E4 /* ViewController.swift in Sources */,
				FDF5CC951D98252A002412E4 /* AppDelegate.swift in Sources */,
			);
			runOnlyForDeploymentPostprocessing = 0;
		};
		FDF5CCA11D98252A002412E4 /* Sources */ = {
			isa = PBXSourcesBuildPhase;
			buildActionMask = 2147483647;
			files = (
				FDF5CCAA1D98252A002412E4 /* SuperCoolTests.swift in Sources */,
			);
			runOnlyForDeploymentPostprocessing = 0;
		};
		FDF5CCAC1D98252A002412E4 /* Sources */ = {
			isa = PBXSourcesBuildPhase;
			buildActionMask = 2147483647;
			files = (
				FDF5CCB51D98252A002412E4 /* SuperCoolUITests.swift in Sources */,
			);
			runOnlyForDeploymentPostprocessing = 0;
		};
/* End PBXSourcesBuildPhase section */

/* Begin PBXTargetDependency section */
		FDF5CCA71D98252A002412E4 /* PBXTargetDependency */ = {
			isa = PBXTargetDependency;
			target = FDF5CC901D98252A002412E4 /* SuperCool */;
			targetProxy = FDF5CCA61D98252A002412E4 /* PBXContainerItemProxy */;
		};
		FDF5CCB21D98252A002412E4 /* PBXTargetDependency */ = {
			isa = PBXTargetDependency;
			target = FDF5CC901D98252A002412E4 /* SuperCool */;
			targetProxy = FDF5CCB11D98252A002412E4 /* PBXContainerItemProxy */;
		};
/* End PBXTargetDependency section */

/* Begin PBXVariantGroup section */
		FDF5CC981D98252A002412E4 /* Main.storyboard */ = {
			isa = PBXVariantGroup;
			children = (
				FDF5CC991D98252A002412E4 /* Base */,
			);
			name = Main.storyboard;
			sourceTree = "<group>";
		};
		FDF5CC9D1D98252A002412E4 /* LaunchScreen.storyboard */ = {
			isa = PBXVariantGroup;
			children = (
				FDF5CC9E1D98252A002412E4 /* Base */,
			);
			name = LaunchScreen.storyboard;
			sourceTree = "<group>";
		};
/* End PBXVariantGroup section */

/* Begin XCBuildConfiguration section */
		FDF5CCB71D98252A002412E4 /* Debug */ = {
			isa = XCBuildConfiguration;
			buildSettings = {
				ALWAYS_SEARCH_USER_PATHS = NO;
				CLANG_ANALYZER_NONNULL = YES;
				CLANG_CXX_LANGUAGE_STANDARD = "gnu++0x";
				CLANG_CXX_LIBRARY = "libc++";
				CLANG_ENABLE_MODULES = YES;
				CLANG_ENABLE_OBJC_ARC = YES;
				CLANG_WARN_BOOL_CONVERSION = YES;
				CLANG_WARN_CONSTANT_CONVERSION = YES;
				CLANG_WARN_DIRECT_OBJC_ISA_USAGE = YES_ERROR;
				CLANG_WARN_DOCUMENTATION_COMMENTS = YES;
				CLANG_WARN_EMPTY_BODY = YES;
				CLANG_WARN_ENUM_CONVERSION = YES;
				CLANG_WARN_INFINITE_RECURSION = YES;
				CLANG_WARN_INT_CONVERSION = YES;
				CLANG_WARN_OBJC_ROOT_CLASS = YES_ERROR;
				CLANG_WARN_SUSPICIOUS_MOVES = YES;
				CLANG_WARN_UNREACHABLE_CODE = YES;
				CLANG_WARN__DUPLICATE_METHOD_MATCH = YES;
				"CODE_SIGN_IDENTITY[sdk=iphoneos*]" = "iPhone Developer";
				COPY_PHASE_STRIP = NO;
				DEBUG_INFORMATION_FORMAT = dwarf;
				ENABLE_STRICT_OBJC_MSGSEND = YES;
				ENABLE_TESTABILITY = YES;
				GCC_C_LANGUAGE_STANDARD = gnu99;
				GCC_DYNAMIC_NO_PIC = NO;
				GCC_NO_COMMON_BLOCKS = YES;
				GCC_OPTIMIZATION_LEVEL = 0;
				GCC_PREPROCESSOR_DEFINITIONS = (
					"DEBUG=1",
					"$(inherited)",
				);
				GCC_WARN_64_TO_32_BIT_CONVERSION = YES;
				GCC_WARN_ABOUT_RETURN_TYPE = YES_ERROR;
				GCC_WARN_UNDECLARED_SELECTOR = YES;
				GCC_WARN_UNINITIALIZED_AUTOS = YES_AGGRESSIVE;
				GCC_WARN_UNUSED_FUNCTION = YES;
				GCC_WARN_UNUSED_VARIABLE = YES;
				IPHONEOS_DEPLOYMENT_TARGET = 10.0;
				MTL_ENABLE_DEBUG_INFO = YES;
				ONLY_ACTIVE_ARCH = YES;
				SDKROOT = iphoneos;
				SWIFT_ACTIVE_COMPILATION_CONDITIONS = DEBUG;
				SWIFT_OPTIMIZATION_LEVEL = "-Onone";
			};
			name = Debug;
		};
		FDF5CCB81D98252A002412E4 /* Release */ = {
			isa = XCBuildConfiguration;
			buildSettings = {
				ALWAYS_SEARCH_USER_PATHS = NO;
				CLANG_ANALYZER_NONNULL = YES;
				CLANG_CXX_LANGUAGE_STANDARD = "gnu++0x";
				CLANG_CXX_LIBRARY = "libc++";
				CLANG_ENABLE_MODULES = YES;
				CLANG_ENABLE_OBJC_ARC = YES;
				CLANG_WARN_BOOL_CONVERSION = YES;
				CLANG_WARN_CONSTANT_CONVERSION = YES;
				CLANG_WARN_DIRECT_OBJC_ISA_USAGE = YES_ERROR;
				CLANG_WARN_DOCUMENTATION_COMMENTS = YES;
				CLANG_WARN_EMPTY_BODY = YES;
				CLANG_WARN_ENUM_CONVERSION = YES;
				CLANG_WARN_INFINITE_RECURSION = YES;
				CLANG_WARN_INT_CONVERSION = YES;
				CLANG_WARN_OBJC_ROOT_CLASS = YES_ERROR;
				CLANG_WARN_SUSPICIOUS_MOVES = YES;
				CLANG_WARN_UNREACHABLE_CODE = YES;
				CLANG_WARN__DUPLICATE_METHOD_MATCH = YES;
				"CODE_SIGN_IDENTITY[sdk=iphoneos*]" = "iPhone Developer";
				COPY_PHASE_STRIP = NO;
				DEBUG_INFORMATION_FORMAT = "dwarf-with-dsym";
				ENABLE_NS_ASSERTIONS = NO;
				ENABLE_STRICT_OBJC_MSGSEND = YES;
				GCC_C_LANGUAGE_STANDARD = gnu99;
				GCC_NO_COMMON_BLOCKS = YES;
				GCC_WARN_64_TO_32_BIT_CONVERSION = YES;
				GCC_WARN_ABOUT_RETURN_TYPE = YES_ERROR;
				GCC_WARN_UNDECLARED_SELECTOR = YES;
				GCC_WARN_UNINITIALIZED_AUTOS = YES_AGGRESSIVE;
				GCC_WARN_UNUSED_FUNCTION = YES;
				GCC_WARN_UNUSED_VARIABLE = YES;
				IPHONEOS_DEPLOYMENT_TARGET = 10.0;
				MTL_ENABLE_DEBUG_INFO = NO;
				SDKROOT = iphoneos;
				SWIFT_OPTIMIZATION_LEVEL = "-Owholemodule";
				VALIDATE_PRODUCT = YES;
			};
			name = Release;
		};
		FDF5CCBA1D98252A002412E4 /* Debug */ = {
			isa = XCBuildConfiguration;
			buildSettings = {
				ASSETCATALOG_COMPILER_APPICON_NAME = AppIcon;
				INFOPLIST_FILE = SuperCool/Info.plist;
				LD_RUNPATH_SEARCH_PATHS = "$(inherited) @executable_path/Frameworks";
				PRODUCT_BUNDLE_IDENTIFIER = com.Zedro.SuperCool;
				PRODUCT_NAME = "$(TARGET_NAME)";
				SWIFT_VERSION = 3.0;
			};
			name = Debug;
		};
		FDF5CCBB1D98252A002412E4 /* Release */ = {
			isa = XCBuildConfiguration;
			buildSettings = {
				ASSETCATALOG_COMPILER_APPICON_NAME = AppIcon;
				INFOPLIST_FILE = SuperCool/Info.plist;
				LD_RUNPATH_SEARCH_PATHS = "$(inherited) @executable_path/Frameworks";
				PRODUCT_BUNDLE_IDENTIFIER = com.Zedro.SuperCool;
				PRODUCT_NAME = "$(TARGET_NAME)";
				SWIFT_VERSION = 3.0;
			};
			name = Release;
		};
		FDF5CCBD1D98252A002412E4 /* Debug */ = {
			isa = XCBuildConfiguration;
			buildSettings = {
				ALWAYS_EMBED_SWIFT_STANDARD_LIBRARIES = YES;
				BUNDLE_LOADER = "$(TEST_HOST)";
				INFOPLIST_FILE = SuperCoolTests/Info.plist;
				LD_RUNPATH_SEARCH_PATHS = "$(inherited) @executable_path/Frameworks @loader_path/Frameworks";
				PRODUCT_BUNDLE_IDENTIFIER = com.Zedro.SuperCoolTests;
				PRODUCT_NAME = "$(TARGET_NAME)";
				SWIFT_VERSION = 3.0;
				TEST_HOST = "$(BUILT_PRODUCTS_DIR)/SuperCool.app/SuperCool";
			};
			name = Debug;
		};
		FDF5CCBE1D98252A002412E4 /* Release */ = {
			isa = XCBuildConfiguration;
			buildSettings = {
				ALWAYS_EMBED_SWIFT_STANDARD_LIBRARIES = YES;
				BUNDLE_LOADER = "$(TEST_HOST)";
				INFOPLIST_FILE = SuperCoolTests/Info.plist;
				LD_RUNPATH_SEARCH_PATHS = "$(inherited) @executable_path/Frameworks @loader_path/Frameworks";
				PRODUCT_BUNDLE_IDENTIFIER = com.Zedro.SuperCoolTests;
				PRODUCT_NAME = "$(TARGET_NAME)";
				SWIFT_VERSION = 3.0;
				TEST_HOST = "$(BUILT_PRODUCTS_DIR)/SuperCool.app/SuperCool";
			};
			name = Release;
		};
		FDF5CCC01D98252A002412E4 /* Debug */ = {
			isa = XCBuildConfiguration;
			buildSettings = {
				ALWAYS_EMBED_SWIFT_STANDARD_LIBRARIES = YES;
				INFOPLIST_FILE = SuperCoolUITests/Info.plist;
				LD_RUNPATH_SEARCH_PATHS = "$(inherited) @executable_path/Frameworks @loader_path/Frameworks";
				PRODUCT_BUNDLE_IDENTIFIER = com.Zedro.SuperCoolUITests;
				PRODUCT_NAME = "$(TARGET_NAME)";
				SWIFT_VERSION = 3.0;
				TEST_TARGET_NAME = SuperCool;
			};
			name = Debug;
		};
		FDF5CCC11D98252A002412E4 /* Release */ = {
			isa = XCBuildConfiguration;
			buildSettings = {
				ALWAYS_EMBED_SWIFT_STANDARD_LIBRARIES = YES;
				INFOPLIST_FILE = SuperCoolUITests/Info.plist;
				LD_RUNPATH_SEARCH_PATHS = "$(inherited) @executable_path/Frameworks @loader_path/Frameworks";
				PRODUCT_BUNDLE_IDENTIFIER = com.Zedro.SuperCoolUITests;
				PRODUCT_NAME = "$(TARGET_NAME)";
				SWIFT_VERSION = 3.0;
				TEST_TARGET_NAME = SuperCool;
			};
			name = Release;
		};
/* End XCBuildConfiguration section */

/* Begin XCConfigurationList section */
		FDF5CC8C1D98252A002412E4 /* Build configuration list for PBXProject "SuperCool" */ = {
			isa = XCConfigurationList;
			buildConfigurations = (
				FDF5CCB71D98252A002412E4 /* Debug */,
				FDF5CCB81D98252A002412E4 /* Release */,
			);
			defaultConfigurationIsVisible = 0;
			defaultConfigurationName = Release;
		};
		FDF5CCB91D98252A002412E4 /* Build configuration list for PBXNativeTarget "SuperCool" */ = {
			isa = XCConfigurationList;
			buildConfigurations = (
				FDF5CCBA1D98252A002412E4 /* Debug */,
				FDF5CCBB1D98252A002412E4 /* Release */,
			);
			defaultConfigurationIsVisible = 0;
		};
		FDF5CCBC1D98252A002412E4 /* Build configuration list for PBXNativeTarget "SuperCoolTests" */ = {
			isa = XCConfigurationList;
			buildConfigurations = (
				FDF5CCBD1D98252A002412E4 /* Debug */,
				FDF5CCBE1D98252A002412E4 /* Release */,
			);
			defaultConfigurationIsVisible = 0;
		};
		FDF5CCBF1D98252A002412E4 /* Build configuration list for PBXNativeTarget "SuperCoolUITests" */ = {
			isa = XCConfigurationList;
			buildConfigurations = (
				FDF5CCC01D98252A002412E4 /* Debug */,
				FDF5CCC11D98252A002412E4 /* Release */,
			);
			defaultConfigurationIsVisible = 0;
		};
/* End XCConfigurationList section */
	};
	rootObject = FDF5CC891D98252A002412E4 /* Project object */;
}
